
Microsoft Visual Studio Solution File, Format Version 12.00
# Visual Studio Version 17
VisualStudioVersion = 17.0.31903.59
MinimumVisualStudioVersion = 10.0.40219.1
Project("{FAE04EC0-301F-11D3-BF4B-00C04F79EFBC}") = "Friflo.Engine.ECS", "src\ECS\Friflo.Engine.ECS.csproj", "{BC0E03EC-91A5-4777-9D52-464FD10170AF}"
EndProject
Project("{FAE04EC0-301F-11D3-BF4B-00C04F79EFBC}") = "Friflo.Engine.ECS.Boost", "src\ECS.Boost\Friflo.Engine.ECS.Boost.csproj", "{542074FB-7752-44FC-9480-F2BE60DB3681}"
EndProject
Global
	GlobalSection(SolutionConfigurationPlatforms) = preSolution
		Debug|Any CPU = Debug|Any CPU
		Release|Any CPU = Release|Any CPU
	EndGlobalSection
	GlobalSection(SolutionProperties) = preSolution
		HideSolutionNode = FALSE
	EndGlobalSection
	GlobalSection(ProjectConfigurationPlatforms) = postSolution
		{BC0E03EC-91A5-4777-9D52-464FD10170AF}.Debug|Any CPU.ActiveCfg = Debug|Any CPU
		{BC0E03EC-91A5-4777-9D52-464FD10170AF}.Debug|Any CPU.Build.0 = Debug|Any CPU
		{BC0E03EC-91A5-4777-9D52-464FD10170AF}.Release|Any CPU.ActiveCfg = Release|Any CPU
		{BC0E03EC-91A5-4777-9D52-464FD10170AF}.Release|Any CPU.Build.0 = Release|Any CPU
		{542074FB-7752-44FC-9480-F2BE60DB3681}.Debug|Any CPU.ActiveCfg = Debug|Any CPU
		{542074FB-7752-44FC-9480-F2BE60DB3681}.Debug|Any CPU.Build.0 = Debug|Any CPU
		{542074FB-7752-44FC-9480-F2BE60DB3681}.Release|Any CPU.ActiveCfg = Release|Any CPU
		{542074FB-7752-44FC-9480-F2BE60DB3681}.Release|Any CPU.Build.0 = Release|Any CPU
	EndGlobalSection
EndGlobal
